# This file is automatically @generated by Cargo.
# It is not intended for manual editing.
version = 3

[[package]]
name = "libc"
version = "0.2.162"
source = "registry+https://github.com/rust-lang/crates.io-index"
checksum = "18d287de67fe55fd7e1581fe933d965a5a9477b38e949cfa9f8574ef01506398"

[[package]]
name = "mockdown"
version = "0.2.0"
source = "registry+https://github.com/rust-lang/crates.io-index"
checksum = "16d72480e9d618ebecaad555622fc7e6e315576a962aed0b02a75cd69ea6c503"

[[package]]
name = "net-sys"
version = "0.1.0"
dependencies = [
 "libc",
 "mockdown",
]

[[package]]
name = "nic-roaming"
version = "0.1.0"
dependencies = [
 "net-sys",
]
