# This file is automatically @generated by Cargo.
# It is not intended for manual editing.
version = 4

[[package]]
name = "libc"
version = "0.2.162"
source = "registry+https://github.com/rust-lang/crates.io-index"
checksum = "18d287de67fe55fd7e1581fe933d965a5a9477b38e949cfa9f8574ef01506398"

[[package]]
name = "mockdown"
version = "0.4.0"
source = "registry+https://github.com/rust-lang/crates.io-index"
checksum = "ca146ccdd3b04356a487f04de75b972087ee377e958f3eba6b5f33908e91ef20"

[[package]]
name = "net-sys"
version = "0.1.0"
dependencies = [
 "libc",
 "mockdown",
]

[[package]]
name = "nic-roaming"
version = "0.1.0"
dependencies = [
 "net-sys",
]
